
Microsoft Visual Studio Solution File, Format Version 12.00
# Visual Studio 15
Project("{FAE04EC0-301F-11D3-BF4B-00C04F79EFBC}") = "Assembly-CSharp-firstpass", "Assembly-CSharp-firstpass.csproj", "{03A0074A-9D67-FF10-6F14-27CEE49CF2A8}"
EndProject
Project("{FAE04EC0-301F-11D3-BF4B-00C04F79EFBC}") = "Assembly-CSharp", "Assembly-CSharp.csproj", "{D186CAFF-0653-0178-766F-1B6ADF34DD55}"
EndProject
Project("{FAE04EC0-301F-11D3-BF4B-00C04F79EFBC}") = "Assembly-CSharp-Editor-firstpass", "Assembly-CSharp-Editor-firstpass.csproj", "{CA176919-E709-DDB9-1CA9-1488131F807C}"
EndProject
Project("{FAE04EC0-301F-11D3-BF4B-00C04F79EFBC}") = "Sirenix.OdinInspector.Modules.UnityMathematics", "Sirenix.OdinInspector.Modules.UnityMathematics.csproj", "{CC1CD847-A282-BEFD-44C9-4C66259F8398}"
EndProject
Global
	GlobalSection(SolutionConfigurationPlatforms) = preSolution
		Debug|Any CPU = Debug|Any CPU
		Release|Any CPU = Release|Any CPU
	EndGlobalSection
	GlobalSection(ProjectConfigurationPlatforms) = postSolution
		{03A0074A-9D67-FF10-6F14-27CEE49CF2A8}.Debug|Any CPU.ActiveCfg = Debug|Any CPU
		{03A0074A-9D67-FF10-6F14-27CEE49CF2A8}.Debug|Any CPU.Build.0 = Debug|Any CPU
		{03A0074A-9D67-FF10-6F14-27CEE49CF2A8}.Release|Any CPU.ActiveCfg = Release|Any CPU
		{03A0074A-9D67-FF10-6F14-27CEE49CF2A8}.Release|Any CPU.Build.0 = Release|Any CPU
		{D186CAFF-0653-0178-766F-1B6ADF34DD55}.Debug|Any CPU.ActiveCfg = Debug|Any CPU
		{D186CAFF-0653-0178-766F-1B6ADF34DD55}.Debug|Any CPU.Build.0 = Debug|Any CPU
		{D186CAFF-0653-0178-766F-1B6ADF34DD55}.Release|Any CPU.ActiveCfg = Release|Any CPU
		{D186CAFF-0653-0178-766F-1B6ADF34DD55}.Release|Any CPU.Build.0 = Release|Any CPU
		{CA176919-E709-DDB9-1CA9-1488131F807C}.Debug|Any CPU.ActiveCfg = Debug|Any CPU
		{CA176919-E709-DDB9-1CA9-1488131F807C}.Debug|Any CPU.Build.0 = Debug|Any CPU
		{CA176919-E709-DDB9-1CA9-1488131F807C}.Release|Any CPU.ActiveCfg = Release|Any CPU
		{CA176919-E709-DDB9-1CA9-1488131F807C}.Release|Any CPU.Build.0 = Release|Any CPU
		{CC1CD847-A282-BEFD-44C9-4C66259F8398}.Debug|Any CPU.ActiveCfg = Debug|Any CPU
		{CC1CD847-A282-BEFD-44C9-4C66259F8398}.Debug|Any CPU.Build.0 = Debug|Any CPU
		{CC1CD847-A282-BEFD-44C9-4C66259F8398}.Release|Any CPU.ActiveCfg = Release|Any CPU
		{CC1CD847-A282-BEFD-44C9-4C66259F8398}.Release|Any CPU.Build.0 = Release|Any CPU
	EndGlobalSection
	GlobalSection(SolutionProperties) = preSolution
		HideSolutionNode = FALSE
	EndGlobalSection
EndGlobal
